
Microsoft Visual Studio Solution File, Format Version 12.00
# Visual Studio Version 17
VisualStudioVersion = 17.4.33122.133
MinimumVisualStudioVersion = 10.0.40219.1
Project("{FAE04EC0-301F-11D3-BF4B-00C04F79EFBC}") = "BZLAND", "BZLAND.csproj", "{9031C8A9-3D91-4793-894A-FB1DEE31B568}"
EndProject
Global
	GlobalSection(SolutionConfigurationPlatforms) = preSolution
		Debug|Any CPU = Debug|Any CPU
		Release|Any CPU = Release|Any CPU
	EndGlobalSection
	GlobalSection(ProjectConfigurationPlatforms) = postSolution
		{9031C8A9-3D91-4793-894A-FB1DEE31B568}.Debug|Any CPU.ActiveCfg = Debug|Any CPU
		{9031C8A9-3D91-4793-894A-FB1DEE31B568}.Debug|Any CPU.Build.0 = Debug|Any CPU
		{9031C8A9-3D91-4793-894A-FB1DEE31B568}.Release|Any CPU.ActiveCfg = Release|Any CPU
		{9031C8A9-3D91-4793-894A-FB1DEE31B568}.Release|Any CPU.Build.0 = Release|Any CPU
	EndGlobalSection
	GlobalSection(SolutionProperties) = preSolution
		HideSolutionNode = FALSE
	EndGlobalSection
	GlobalSection(ExtensibilityGlobals) = postSolution
		SolutionGuid = {37C01C2A-C5A8-4764-B3C6-D8481746F2EC}
	EndGlobalSection
EndGlobal
